
Microsoft Visual Studio Solution File, Format Version 12.00
# Visual Studio Version 17
VisualStudioVersion = 17.0.31903.59
MinimumVisualStudioVersion = 10.0.40219.1
Project("{9A19103F-16F7-4668-BE54-9A1E7A4F7556}") = "AvaloniaDemo", "AvaloniaDemo\AvaloniaDemo.csproj", "{5312311A-B0FD-4805-A37C-D27A7D8C8B5E}"
EndProject
Project("{9A19103F-16F7-4668-BE54-9A1E7A4F7556}") = "AvaloniaDemo.ViewModels", "AvaloniaDemo.ViewModels\AvaloniaDemo.ViewModels.csproj", "{FDB05A83-5B6C-488F-8677-9BB4C0DDD4FC}"
EndProject
Project("{9A19103F-16F7-4668-BE54-9A1E7A4F7556}") = "AvaloniaDemo.Application", "AvaloniaDemo.Application\AvaloniaDemo.Application.csproj", "{DBFFBC86-6AE9-4AA4-B5C2-77B79E34CF29}"
EndProject
Project("{FAE04EC0-301F-11D3-BF4B-00C04F79EFBC}") = "AvaloniaDemo.Contracts", "AvaloniaDemo.Contracts\AvaloniaDemo.Contracts.csproj", "{4B0B33DC-35AB-4642-8BAA-EDEC14949B9C}"
EndProject
Global
	GlobalSection(SolutionConfigurationPlatforms) = preSolution
		Debug|Any CPU = Debug|Any CPU
		Release|Any CPU = Release|Any CPU
	EndGlobalSection
	GlobalSection(ProjectConfigurationPlatforms) = postSolution
		{5312311A-B0FD-4805-A37C-D27A7D8C8B5E}.Debug|Any CPU.ActiveCfg = Debug|Any CPU
		{5312311A-B0FD-4805-A37C-D27A7D8C8B5E}.Debug|Any CPU.Build.0 = Debug|Any CPU
		{5312311A-B0FD-4805-A37C-D27A7D8C8B5E}.Release|Any CPU.ActiveCfg = Release|Any CPU
		{5312311A-B0FD-4805-A37C-D27A7D8C8B5E}.Release|Any CPU.Build.0 = Release|Any CPU
		{FDB05A83-5B6C-488F-8677-9BB4C0DDD4FC}.Debug|Any CPU.ActiveCfg = Debug|Any CPU
		{FDB05A83-5B6C-488F-8677-9BB4C0DDD4FC}.Debug|Any CPU.Build.0 = Debug|Any CPU
		{FDB05A83-5B6C-488F-8677-9BB4C0DDD4FC}.Release|Any CPU.ActiveCfg = Release|Any CPU
		{FDB05A83-5B6C-488F-8677-9BB4C0DDD4FC}.Release|Any CPU.Build.0 = Release|Any CPU
		{DBFFBC86-6AE9-4AA4-B5C2-77B79E34CF29}.Debug|Any CPU.ActiveCfg = Debug|Any CPU
		{DBFFBC86-6AE9-4AA4-B5C2-77B79E34CF29}.Debug|Any CPU.Build.0 = Debug|Any CPU
		{DBFFBC86-6AE9-4AA4-B5C2-77B79E34CF29}.Release|Any CPU.ActiveCfg = Release|Any CPU
		{DBFFBC86-6AE9-4AA4-B5C2-77B79E34CF29}.Release|Any CPU.Build.0 = Release|Any CPU
		{4B0B33DC-35AB-4642-8BAA-EDEC14949B9C}.Debug|Any CPU.ActiveCfg = Debug|Any CPU
		{4B0B33DC-35AB-4642-8BAA-EDEC14949B9C}.Debug|Any CPU.Build.0 = Debug|Any CPU
		{4B0B33DC-35AB-4642-8BAA-EDEC14949B9C}.Release|Any CPU.ActiveCfg = Release|Any CPU
		{4B0B33DC-35AB-4642-8BAA-EDEC14949B9C}.Release|Any CPU.Build.0 = Release|Any CPU
	EndGlobalSection
	GlobalSection(SolutionProperties) = preSolution
		HideSolutionNode = FALSE
	EndGlobalSection
	GlobalSection(ExtensibilityGlobals) = postSolution
		SolutionGuid = {D19A319B-3C39-467A-8DBA-3C4CDB2B2B4B}
	EndGlobalSection
EndGlobal
